{
    "name": "sui-table",
    "version": "1.0.0",
    "lockfileVersion": 2,
    "requires": true,
    "packages": {
        "": {
            "name": "sui-table",
            "version": "1.0.0",
            "license": "ECL-2.0",
            "dependencies": {
                "@fortawesome/fontawesome-free": "5.15.4",
                "@fortawesome/fontawesome-svg-core": "1.2.36",
                "@fortawesome/free-solid-svg-icons": "5.15.4",
                "@webcomponents/webcomponentsjs": "2.6.0",
                "lit-element": "2.5.1",
                "tabulator-tables": "^5.0.10"
            }
        },
        "node_modules/@fortawesome/fontawesome-common-types": {
            "version": "0.2.36",
            "resolved": "https://registry.npmjs.org/@fortawesome/fontawesome-common-types/-/fontawesome-common-types-0.2.36.tgz",
            "integrity": "sha512-a/7BiSgobHAgBWeN7N0w+lAhInrGxksn13uK7231n2m8EDPE3BMCl9NZLTGrj9ZXfCmC6LM0QLqXidIizVQ6yg==",
            "hasInstallScript": true,
            "engines": {
                "node": ">=6"
            }
        },
        "node_modules/@fortawesome/fontawesome-free": {
            "version": "5.15.4",
            "resolved": "https://registry.npmjs.org/@fortawesome/fontawesome-free/-/fontawesome-free-5.15.4.tgz",
            "integrity": "sha512-eYm8vijH/hpzr/6/1CJ/V/Eb1xQFW2nnUKArb3z+yUWv7HTwj6M7SP957oMjfZjAHU6qpoNc2wQvIxBLWYa/Jg==",
            "hasInstallScript": true,
            "engines": {
                "node": ">=6"
            }
        },
        "node_modules/@fortawesome/fontawesome-svg-core": {
            "version": "1.2.36",
            "resolved": "https://registry.npmjs.org/@fortawesome/fontawesome-svg-core/-/fontawesome-svg-core-1.2.36.tgz",
            "integrity": "sha512-YUcsLQKYb6DmaJjIHdDWpBIGCcyE/W+p/LMGvjQem55Mm2XWVAP5kWTMKWLv9lwpCVjpLxPyOMOyUocP1GxrtA==",
            "hasInstallScript": true,
            "dependencies": {
                "@fortawesome/fontawesome-common-types": "^0.2.36"
            },
            "engines": {
                "node": ">=6"
            }
        },
        "node_modules/@fortawesome/free-solid-svg-icons": {
            "version": "5.15.4",
            "resolved": "https://registry.npmjs.org/@fortawesome/free-solid-svg-icons/-/free-solid-svg-icons-5.15.4.tgz",
            "integrity": "sha512-JLmQfz6tdtwxoihXLg6lT78BorrFyCf59SAwBM6qV/0zXyVeDygJVb3fk+j5Qat+Yvcxp1buLTY5iDh1ZSAQ8w==",
            "hasInstallScript": true,
            "dependencies": {
                "@fortawesome/fontawesome-common-types": "^0.2.36"
            },
            "engines": {
                "node": ">=6"
            }
        },
        "node_modules/@webcomponents/webcomponentsjs": {
            "version": "2.6.0",
            "resolved": "https://registry.npmjs.org/@webcomponents/webcomponentsjs/-/webcomponentsjs-2.6.0.tgz",
            "integrity": "sha512-Moog+Smx3ORTbWwuPqoclr+uvfLnciVd6wdCaVscHPrxbmQ/IJKm3wbB7hpzJtXWjAq2l/6QMlO85aZiOdtv5Q=="
        },
        "node_modules/lit-element": {
            "version": "2.5.1",
            "resolved": "https://registry.npmjs.org/lit-element/-/lit-element-2.5.1.tgz",
            "integrity": "sha512-ogu7PiJTA33bEK0xGu1dmaX5vhcRjBXCFexPja0e7P7jqLhTpNKYRPmE+GmiCaRVAbiQKGkUgkh/i6+bh++dPQ==",
            "dependencies": {
                "lit-html": "^1.1.1"
            }
        },
        "node_modules/lit-html": {
            "version": "1.4.1",
            "resolved": "https://registry.npmjs.org/lit-html/-/lit-html-1.4.1.tgz",
            "integrity": "sha512-B9btcSgPYb1q4oSOb/PrOT6Z/H+r6xuNzfH4lFli/AWhYwdtrgQkQWBbIc6mdnf6E2IL3gDXdkkqNktpU0OZQA=="
        },
        "node_modules/tabulator-tables": {
            "version": "5.1.4",
            "resolved": "https://registry.npmjs.org/tabulator-tables/-/tabulator-tables-5.1.4.tgz",
            "integrity": "sha512-QIrPT6h1gMvAQKQuMbODTsltEMwhhdyNMeQ5lnR7Tqvm2m8A2lnZb3/CGgNWxVNWZT7Y6UXtqwmdQoDNyHReRg=="
        }
    },
    "dependencies": {
        "@fortawesome/fontawesome-common-types": {
            "version": "0.2.36",
            "resolved": "https://registry.npmjs.org/@fortawesome/fontawesome-common-types/-/fontawesome-common-types-0.2.36.tgz",
            "integrity": "sha512-a/7BiSgobHAgBWeN7N0w+lAhInrGxksn13uK7231n2m8EDPE3BMCl9NZLTGrj9ZXfCmC6LM0QLqXidIizVQ6yg=="
        },
        "@fortawesome/fontawesome-free": {
            "version": "5.15.4",
            "resolved": "https://registry.npmjs.org/@fortawesome/fontawesome-free/-/fontawesome-free-5.15.4.tgz",
            "integrity": "sha512-eYm8vijH/hpzr/6/1CJ/V/Eb1xQFW2nnUKArb3z+yUWv7HTwj6M7SP957oMjfZjAHU6qpoNc2wQvIxBLWYa/Jg=="
        },
        "@fortawesome/fontawesome-svg-core": {
            "version": "1.2.36",
            "resolved": "https://registry.npmjs.org/@fortawesome/fontawesome-svg-core/-/fontawesome-svg-core-1.2.36.tgz",
            "integrity": "sha512-YUcsLQKYb6DmaJjIHdDWpBIGCcyE/W+p/LMGvjQem55Mm2XWVAP5kWTMKWLv9lwpCVjpLxPyOMOyUocP1GxrtA==",
            "requires": {
                "@fortawesome/fontawesome-common-types": "^0.2.36"
            }
        },
        "@fortawesome/free-solid-svg-icons": {
            "version": "5.15.4",
            "resolved": "https://registry.npmjs.org/@fortawesome/free-solid-svg-icons/-/free-solid-svg-icons-5.15.4.tgz",
            "integrity": "sha512-JLmQfz6tdtwxoihXLg6lT78BorrFyCf59SAwBM6qV/0zXyVeDygJVb3fk+j5Qat+Yvcxp1buLTY5iDh1ZSAQ8w==",
            "requires": {
                "@fortawesome/fontawesome-common-types": "^0.2.36"
            }
        },
        "@webcomponents/webcomponentsjs": {
            "version": "2.6.0",
            "resolved": "https://registry.npmjs.org/@webcomponents/webcomponentsjs/-/webcomponentsjs-2.6.0.tgz",
            "integrity": "sha512-Moog+Smx3ORTbWwuPqoclr+uvfLnciVd6wdCaVscHPrxbmQ/IJKm3wbB7hpzJtXWjAq2l/6QMlO85aZiOdtv5Q=="
        },
        "lit-element": {
            "version": "2.5.1",
            "resolved": "https://registry.npmjs.org/lit-element/-/lit-element-2.5.1.tgz",
            "integrity": "sha512-ogu7PiJTA33bEK0xGu1dmaX5vhcRjBXCFexPja0e7P7jqLhTpNKYRPmE+GmiCaRVAbiQKGkUgkh/i6+bh++dPQ==",
            "requires": {
                "lit-html": "^1.1.1"
            }
        },
        "lit-html": {
            "version": "1.4.1",
            "resolved": "https://registry.npmjs.org/lit-html/-/lit-html-1.4.1.tgz",
            "integrity": "sha512-B9btcSgPYb1q4oSOb/PrOT6Z/H+r6xuNzfH4lFli/AWhYwdtrgQkQWBbIc6mdnf6E2IL3gDXdkkqNktpU0OZQA=="
        },
        "tabulator-tables": {
            "version": "5.1.4",
            "resolved": "https://registry.npmjs.org/tabulator-tables/-/tabulator-tables-5.1.4.tgz",
            "integrity": "sha512-QIrPT6h1gMvAQKQuMbODTsltEMwhhdyNMeQ5lnR7Tqvm2m8A2lnZb3/CGgNWxVNWZT7Y6UXtqwmdQoDNyHReRg=="
        }
    }
}
